
Microsoft Visual Studio Solution File, Format Version 12.00
# Visual Studio Version 17
VisualStudioVersion = 17.2.32519.379
MinimumVisualStudioVersion = 10.0.40219.1
Project("{FAE04EC0-301F-11D3-BF4B-00C04F79EFBC}") = "ClownShell", "ClownShell.csproj", "{823A2180-8759-43E9-8CEB-0D736731BAB1}"
	ProjectSection(ProjectDependencies) = postProject
		{230CA495-DA46-4952-99EE-78BF11AE782F} = {230CA495-DA46-4952-99EE-78BF11AE782F}
		{2ECA4A39-6C44-45CA-8CB3-EABF70DD7D16} = {2ECA4A39-6C44-45CA-8CB3-EABF70DD7D16}
		{3DE881EA-1D04-4D79-A01E-6E7ABBAF52F8} = {3DE881EA-1D04-4D79-A01E-6E7ABBAF52F8}
		{ABE51A90-B881-4EFA-831E-61B54D8612E9} = {ABE51A90-B881-4EFA-831E-61B54D8612E9}
		{BA58CE17-53D2-4BE8-8604-C42E82BBB0B4} = {BA58CE17-53D2-4BE8-8604-C42E82BBB0B4}
		{BBEFAA75-2684-4D73-BDAC-9FD004B2D4E4} = {BBEFAA75-2684-4D73-BDAC-9FD004B2D4E4}
		{F99221B6-4BD9-4507-B219-7A8556CA91CE} = {F99221B6-4BD9-4507-B219-7A8556CA91CE}
	EndProjectSection
EndProject
Project("{FAE04EC0-301F-11D3-BF4B-00C04F79EFBC}") = "ClownShell.ErrorHandelers", "ClownShell.ErrorHandelers\ClownShell.ErrorHandelers.csproj", "{F99221B6-4BD9-4507-B219-7A8556CA91CE}"
EndProject
Project("{FAE04EC0-301F-11D3-BF4B-00C04F79EFBC}") = "ClownShell.Settings", "ClownShell.Settings\ClownShell.Settings.csproj", "{ABE51A90-B881-4EFA-831E-61B54D8612E9}"
EndProject
Project("{FAE04EC0-301F-11D3-BF4B-00C04F79EFBC}") = "ClownShell.MainLoop", "ClownShell.MainLoop\ClownShell.MainLoop.csproj", "{BA58CE17-53D2-4BE8-8604-C42E82BBB0B4}"
	ProjectSection(ProjectDependencies) = postProject
		{230CA495-DA46-4952-99EE-78BF11AE782F} = {230CA495-DA46-4952-99EE-78BF11AE782F}
		{BBEFAA75-2684-4D73-BDAC-9FD004B2D4E4} = {BBEFAA75-2684-4D73-BDAC-9FD004B2D4E4}
	EndProjectSection
EndProject
Project("{FAE04EC0-301F-11D3-BF4B-00C04F79EFBC}") = "ClownShell.ScriptRunner", "ClownShell.ScriptRunner\ClownShell.ScriptRunner.csproj", "{230CA495-DA46-4952-99EE-78BF11AE782F}"
EndProject
Project("{FAE04EC0-301F-11D3-BF4B-00C04F79EFBC}") = "ClownShell.Parser", "ClownShell.Parser\ClownShell.Parser.csproj", "{BBEFAA75-2684-4D73-BDAC-9FD004B2D4E4}"
	ProjectSection(ProjectDependencies) = postProject
		{230CA495-DA46-4952-99EE-78BF11AE782F} = {230CA495-DA46-4952-99EE-78BF11AE782F}
		{2ECA4A39-6C44-45CA-8CB3-EABF70DD7D16} = {2ECA4A39-6C44-45CA-8CB3-EABF70DD7D16}
		{3DE881EA-1D04-4D79-A01E-6E7ABBAF52F8} = {3DE881EA-1D04-4D79-A01E-6E7ABBAF52F8}
		{ABE51A90-B881-4EFA-831E-61B54D8612E9} = {ABE51A90-B881-4EFA-831E-61B54D8612E9}
		{F99221B6-4BD9-4507-B219-7A8556CA91CE} = {F99221B6-4BD9-4507-B219-7A8556CA91CE}
	EndProjectSection
EndProject
Project("{FAE04EC0-301F-11D3-BF4B-00C04F79EFBC}") = "ClownShell.State", "ClownShell.State\ClownShell.State.csproj", "{2ECA4A39-6C44-45CA-8CB3-EABF70DD7D16}"
EndProject
Project("{FAE04EC0-301F-11D3-BF4B-00C04F79EFBC}") = "ClownShell.Security", "ClownShell.Security\ClownShell.Security.csproj", "{3DE881EA-1D04-4D79-A01E-6E7ABBAF52F8}"
EndProject
Global
	GlobalSection(SolutionConfigurationPlatforms) = preSolution
		Debug|Any CPU = Debug|Any CPU
		Release|Any CPU = Release|Any CPU
	EndGlobalSection
	GlobalSection(ProjectConfigurationPlatforms) = postSolution
		{823A2180-8759-43E9-8CEB-0D736731BAB1}.Debug|Any CPU.ActiveCfg = Debug|Any CPU
		{823A2180-8759-43E9-8CEB-0D736731BAB1}.Debug|Any CPU.Build.0 = Debug|Any CPU
		{823A2180-8759-43E9-8CEB-0D736731BAB1}.Release|Any CPU.ActiveCfg = Release|Any CPU
		{823A2180-8759-43E9-8CEB-0D736731BAB1}.Release|Any CPU.Build.0 = Release|Any CPU
		{F99221B6-4BD9-4507-B219-7A8556CA91CE}.Debug|Any CPU.ActiveCfg = Debug|Any CPU
		{F99221B6-4BD9-4507-B219-7A8556CA91CE}.Debug|Any CPU.Build.0 = Debug|Any CPU
		{F99221B6-4BD9-4507-B219-7A8556CA91CE}.Release|Any CPU.ActiveCfg = Release|Any CPU
		{F99221B6-4BD9-4507-B219-7A8556CA91CE}.Release|Any CPU.Build.0 = Release|Any CPU
		{ABE51A90-B881-4EFA-831E-61B54D8612E9}.Debug|Any CPU.ActiveCfg = Debug|Any CPU
		{ABE51A90-B881-4EFA-831E-61B54D8612E9}.Debug|Any CPU.Build.0 = Debug|Any CPU
		{ABE51A90-B881-4EFA-831E-61B54D8612E9}.Release|Any CPU.ActiveCfg = Release|Any CPU
		{ABE51A90-B881-4EFA-831E-61B54D8612E9}.Release|Any CPU.Build.0 = Release|Any CPU
		{BA58CE17-53D2-4BE8-8604-C42E82BBB0B4}.Debug|Any CPU.ActiveCfg = Debug|Any CPU
		{BA58CE17-53D2-4BE8-8604-C42E82BBB0B4}.Debug|Any CPU.Build.0 = Debug|Any CPU
		{BA58CE17-53D2-4BE8-8604-C42E82BBB0B4}.Release|Any CPU.ActiveCfg = Release|Any CPU
		{BA58CE17-53D2-4BE8-8604-C42E82BBB0B4}.Release|Any CPU.Build.0 = Release|Any CPU
		{230CA495-DA46-4952-99EE-78BF11AE782F}.Debug|Any CPU.ActiveCfg = Debug|Any CPU
		{230CA495-DA46-4952-99EE-78BF11AE782F}.Debug|Any CPU.Build.0 = Debug|Any CPU
		{230CA495-DA46-4952-99EE-78BF11AE782F}.Release|Any CPU.ActiveCfg = Release|Any CPU
		{230CA495-DA46-4952-99EE-78BF11AE782F}.Release|Any CPU.Build.0 = Release|Any CPU
		{BBEFAA75-2684-4D73-BDAC-9FD004B2D4E4}.Debug|Any CPU.ActiveCfg = Debug|Any CPU
		{BBEFAA75-2684-4D73-BDAC-9FD004B2D4E4}.Debug|Any CPU.Build.0 = Debug|Any CPU
		{BBEFAA75-2684-4D73-BDAC-9FD004B2D4E4}.Release|Any CPU.ActiveCfg = Release|Any CPU
		{BBEFAA75-2684-4D73-BDAC-9FD004B2D4E4}.Release|Any CPU.Build.0 = Release|Any CPU
		{2ECA4A39-6C44-45CA-8CB3-EABF70DD7D16}.Debug|Any CPU.ActiveCfg = Debug|Any CPU
		{2ECA4A39-6C44-45CA-8CB3-EABF70DD7D16}.Debug|Any CPU.Build.0 = Debug|Any CPU
		{2ECA4A39-6C44-45CA-8CB3-EABF70DD7D16}.Release|Any CPU.ActiveCfg = Release|Any CPU
		{2ECA4A39-6C44-45CA-8CB3-EABF70DD7D16}.Release|Any CPU.Build.0 = Release|Any CPU
		{3DE881EA-1D04-4D79-A01E-6E7ABBAF52F8}.Debug|Any CPU.ActiveCfg = Debug|Any CPU
		{3DE881EA-1D04-4D79-A01E-6E7ABBAF52F8}.Debug|Any CPU.Build.0 = Debug|Any CPU
		{3DE881EA-1D04-4D79-A01E-6E7ABBAF52F8}.Release|Any CPU.ActiveCfg = Release|Any CPU
		{3DE881EA-1D04-4D79-A01E-6E7ABBAF52F8}.Release|Any CPU.Build.0 = Release|Any CPU
	EndGlobalSection
	GlobalSection(SolutionProperties) = preSolution
		HideSolutionNode = FALSE
	EndGlobalSection
	GlobalSection(ExtensibilityGlobals) = postSolution
		SolutionGuid = {284EFDFA-29D9-4A98-9F4B-3A719F141848}
	EndGlobalSection
EndGlobal
